
Microsoft Visual Studio Solution File, Format Version 12.00
# Visual Studio Version 16
VisualStudioVersion = 16.0.31702.278
MinimumVisualStudioVersion = 10.0.40219.1
Project("{FAE04EC0-301F-11D3-BF4B-00C04F79EFBC}") = "Assessment6_After_Hemory", "Assessment6_After_Hemory\Assessment6_After_Hemory.csproj", "{2D8AB9A6-F8A7-4263-849A-E1F7474466B0}"
EndProject
Global
	GlobalSection(SolutionConfigurationPlatforms) = preSolution
		Debug|Any CPU = Debug|Any CPU
		Release|Any CPU = Release|Any CPU
	EndGlobalSection
	GlobalSection(ProjectConfigurationPlatforms) = postSolution
		{2D8AB9A6-F8A7-4263-849A-E1F7474466B0}.Debug|Any CPU.ActiveCfg = Debug|Any CPU
		{2D8AB9A6-F8A7-4263-849A-E1F7474466B0}.Debug|Any CPU.Build.0 = Debug|Any CPU
		{2D8AB9A6-F8A7-4263-849A-E1F7474466B0}.Release|Any CPU.ActiveCfg = Release|Any CPU
		{2D8AB9A6-F8A7-4263-849A-E1F7474466B0}.Release|Any CPU.Build.0 = Release|Any CPU
	EndGlobalSection
	GlobalSection(SolutionProperties) = preSolution
		HideSolutionNode = FALSE
	EndGlobalSection
	GlobalSection(ExtensibilityGlobals) = postSolution
		SolutionGuid = {3ADD1F00-6783-4028-8F92-07DA011CA2E4}
	EndGlobalSection
EndGlobal
