
Microsoft Visual Studio Solution File, Format Version 12.00
# Visual Studio Version 16
VisualStudioVersion = 16.0.31409.214
MinimumVisualStudioVersion = 10.0.40219.1
Project("{FAE04EC0-301F-11D3-BF4B-00C04F79EFBC}") = "Assessment6_FoC_PotLuck_Series", "Assessment6_FoC_PotLuck_Series\Assessment6_FoC_PotLuck_Series.csproj", "{EBC8B168-794D-4B94-954C-A7E64B9166E4}"
EndProject
Global
	GlobalSection(SolutionConfigurationPlatforms) = preSolution
		Debug|Any CPU = Debug|Any CPU
		Release|Any CPU = Release|Any CPU
	EndGlobalSection
	GlobalSection(ProjectConfigurationPlatforms) = postSolution
		{EBC8B168-794D-4B94-954C-A7E64B9166E4}.Debug|Any CPU.ActiveCfg = Debug|Any CPU
		{EBC8B168-794D-4B94-954C-A7E64B9166E4}.Debug|Any CPU.Build.0 = Debug|Any CPU
		{EBC8B168-794D-4B94-954C-A7E64B9166E4}.Release|Any CPU.ActiveCfg = Release|Any CPU
		{EBC8B168-794D-4B94-954C-A7E64B9166E4}.Release|Any CPU.Build.0 = Release|Any CPU
	EndGlobalSection
	GlobalSection(SolutionProperties) = preSolution
		HideSolutionNode = FALSE
	EndGlobalSection
	GlobalSection(ExtensibilityGlobals) = postSolution
		SolutionGuid = {989005D7-C43B-49A8-9AF4-26D5FA8E2A85}
	EndGlobalSection
EndGlobal
