
Microsoft Visual Studio Solution File, Format Version 12.00
# Visual Studio Version 16
VisualStudioVersion = 16.0.31409.214
MinimumVisualStudioVersion = 10.0.40219.1
Project("{FAE04EC0-301F-11D3-BF4B-00C04F79EFBC}") = "InterfaceDemo", "InterfaceDemo\InterfaceDemo.csproj", "{63AC282C-D28B-472B-B301-D4FADDA7016C}"
EndProject
Project("{FAE04EC0-301F-11D3-BF4B-00C04F79EFBC}") = "HTMLDemo2", "HTMLDemo2\HTMLDemo2.csproj", "{9114878E-8599-4411-ADE4-C4BD6E94BFC7}"
EndProject
Project("{FAE04EC0-301F-11D3-BF4B-00C04F79EFBC}") = "MVCDemo1", "MVCDemo1\MVCDemo1.csproj", "{C0DC0E26-ABF7-49CB-B3DE-B3258F3FC16D}"
EndProject
Global
	GlobalSection(SolutionConfigurationPlatforms) = preSolution
		Debug|Any CPU = Debug|Any CPU
		Release|Any CPU = Release|Any CPU
	EndGlobalSection
	GlobalSection(ProjectConfigurationPlatforms) = postSolution
		{63AC282C-D28B-472B-B301-D4FADDA7016C}.Debug|Any CPU.ActiveCfg = Debug|Any CPU
		{63AC282C-D28B-472B-B301-D4FADDA7016C}.Debug|Any CPU.Build.0 = Debug|Any CPU
		{63AC282C-D28B-472B-B301-D4FADDA7016C}.Release|Any CPU.ActiveCfg = Release|Any CPU
		{63AC282C-D28B-472B-B301-D4FADDA7016C}.Release|Any CPU.Build.0 = Release|Any CPU
		{9114878E-8599-4411-ADE4-C4BD6E94BFC7}.Debug|Any CPU.ActiveCfg = Debug|Any CPU
		{9114878E-8599-4411-ADE4-C4BD6E94BFC7}.Debug|Any CPU.Build.0 = Debug|Any CPU
		{9114878E-8599-4411-ADE4-C4BD6E94BFC7}.Release|Any CPU.ActiveCfg = Release|Any CPU
		{9114878E-8599-4411-ADE4-C4BD6E94BFC7}.Release|Any CPU.Build.0 = Release|Any CPU
		{C0DC0E26-ABF7-49CB-B3DE-B3258F3FC16D}.Debug|Any CPU.ActiveCfg = Debug|Any CPU
		{C0DC0E26-ABF7-49CB-B3DE-B3258F3FC16D}.Debug|Any CPU.Build.0 = Debug|Any CPU
		{C0DC0E26-ABF7-49CB-B3DE-B3258F3FC16D}.Release|Any CPU.ActiveCfg = Release|Any CPU
		{C0DC0E26-ABF7-49CB-B3DE-B3258F3FC16D}.Release|Any CPU.Build.0 = Release|Any CPU
	EndGlobalSection
	GlobalSection(SolutionProperties) = preSolution
		HideSolutionNode = FALSE
	EndGlobalSection
	GlobalSection(ExtensibilityGlobals) = postSolution
		SolutionGuid = {2EDB1F66-FBC1-4811-991B-BA016BB7C9DE}
	EndGlobalSection
EndGlobal
