
Microsoft Visual Studio Solution File, Format Version 12.00
# Visual Studio Version 16
VisualStudioVersion = 16.0.31409.214
MinimumVisualStudioVersion = 10.0.40219.1
Project("{FAE04EC0-301F-11D3-BF4B-00C04F79EFBC}") = "Lab9_2_CoffeeHouseReg", "Lab9_2_CoffeeHouseReg\Lab9_2_CoffeeHouseReg.csproj", "{52EBA581-3987-4DEF-86BB-7F93F8C83949}"
EndProject
Global
	GlobalSection(SolutionConfigurationPlatforms) = preSolution
		Debug|Any CPU = Debug|Any CPU
		Release|Any CPU = Release|Any CPU
	EndGlobalSection
	GlobalSection(ProjectConfigurationPlatforms) = postSolution
		{52EBA581-3987-4DEF-86BB-7F93F8C83949}.Debug|Any CPU.ActiveCfg = Debug|Any CPU
		{52EBA581-3987-4DEF-86BB-7F93F8C83949}.Debug|Any CPU.Build.0 = Debug|Any CPU
		{52EBA581-3987-4DEF-86BB-7F93F8C83949}.Release|Any CPU.ActiveCfg = Release|Any CPU
		{52EBA581-3987-4DEF-86BB-7F93F8C83949}.Release|Any CPU.Build.0 = Release|Any CPU
	EndGlobalSection
	GlobalSection(SolutionProperties) = preSolution
		HideSolutionNode = FALSE
	EndGlobalSection
	GlobalSection(ExtensibilityGlobals) = postSolution
		SolutionGuid = {71CF7E98-5C81-42BF-9F7D-ED072090163D}
	EndGlobalSection
EndGlobal
